PODS:
  - Alamofire (5.6.4)
  - SnapKit (5.6.0)

DEPENDENCIES:
  - Alamofire
  - SnapKit

SPEC REPOS:
  trunk:
    - Alamofire
    - SnapKit

SPEC CHECKSUMS:
  Alamofire: 4e95d97098eacb88856099c4fc79b526a299e48c
  SnapKit: e01d52ebb8ddbc333eefe2132acf85c8227d9c25

PODFILE CHECKSUM: a9cc3a6485077fcd631d8ece079359aeb93e6cf4

COCOAPODS: 1.12.1
