// !$*UTF8*$!
{
	archiveVersion = 1;
	classes = {
	};
	objectVersion = 90;
	objects = {

/* Begin PBXBuildFile section */
		7A02461F29F6213800E437FA /* Alamofire in Frameworks */ = {isa = PBXBuildFile; productRef = 7A02461E29F6213800E437FA /* Alamofire */; };
		7A02468F29F633D400E437FA /* TagVersionError.swift in Sources */ = {isa = PBXBuildFile; fileRef = 7A02468E29F633D300E437FA /* TagVersionError.swift */; };
		7A12F655281E3FAB00C538F4 /* NFCMiFareTag+Extension.swift in Sources */ = {isa = PBXBuildFile; fileRef = 7A12F654281E3FAB00C538F4 /* NFCMiFareTag+Extension.swift */; };
		7A13DFC7282115BC0004EDCD /* unfixed-info.bin in Resources */ = {isa = PBXBuildFile; fileRef = 7A13DFC5282115BC0004EDCD /* unfixed-info.bin */; };
		7A13DFC8282115BC0004EDCD /* locked-secret.bin in Resources */ = {isa = PBXBuildFile; fileRef = 7A13DFC6282115BC0004EDCD /* locked-secret.bin */; };
		7A13DFCA28211DBF0004EDCD /* TagDump.swift in Sources */ = {isa = PBXBuildFile; fileRef = 7A13DFC928211DBF0004EDCD /* TagDump.swift */; };
		7A13DFCC28211E260004EDCD /* AmiiboTag.swift in Sources */ = {isa = PBXBuildFile; fileRef = 7A13DFCB28211E260004EDCD /* AmiiboTag.swift */; };
		7A13DFD02821EFF20004EDCD /* NFCMiFareTagError.swift in Sources */ = {isa = PBXBuildFile; fileRef = 7A13DFCF2821EFF20004EDCD /* NFCMiFareTagError.swift */; };
		7A13DFD42821F0340004EDCD /* TagVersion.swift in Sources */ = {isa = PBXBuildFile; fileRef = 7A13DFD32821F0340004EDCD /* TagVersion.swift */; };
		7A26334E2824B39F009F2F8A /* UIAlertAction+Extension.swift in Sources */ = {isa = PBXBuildFile; fileRef = 7A26334D2824B39F009F2F8A /* UIAlertAction+Extension.swift */; };
		7A324A442EDFCCFB00B66C28 /* libamiitool in Frameworks */ = {isa = PBXBuildFile; productRef = 7A324A432EDFCCFB00B66C28 /* libamiitool */; };
		7A44F93D2828C25F00434A78 /* WriteAmiiboDelegate.swift in Sources */ = {isa = PBXBuildFile; fileRef = 7A44F93C2828C25F00434A78 /* WriteAmiiboDelegate.swift */; };
		7A53DE9A2824A4B3006A4D12 /* UTType+Extension.swift in Sources */ = {isa = PBXBuildFile; fileRef = 7A53DE992824A4B3006A4D12 /* UTType+Extension.swift */; };
		7A762B002ED1749500432F6F /* AsyncAlgorithms in Frameworks */ = {isa = PBXBuildFile; productRef = 7A762AFF2ED1749500432F6F /* AsyncAlgorithms */; };
		7AADFD0428371EBB001A8382 /* NFCByte.swift in Sources */ = {isa = PBXBuildFile; fileRef = 7AADFD0328371EBB001A8382 /* NFCByte.swift */; };
		7AB28F5A29F538C700769D51 /* ReadAmiiboDelegate.swift in Sources */ = {isa = PBXBuildFile; fileRef = 7AB28F5929F538C700769D51 /* ReadAmiiboDelegate.swift */; };
		7AB4217E281CD91100FB63C1 /* AppDelegate.swift in Sources */ = {isa = PBXBuildFile; fileRef = 7AB4217D281CD91100FB63C1 /* AppDelegate.swift */; };
		7AB42180281CD91100FB63C1 /* SceneDelegate.swift in Sources */ = {isa = PBXBuildFile; fileRef = 7AB4217F281CD91100FB63C1 /* SceneDelegate.swift */; };
		7AB42182281CD91100FB63C1 /* AmiibombVC.swift in Sources */ = {isa = PBXBuildFile; fileRef = 7AB42181281CD91100FB63C1 /* AmiibombVC.swift */; };
		7AB42187281CD91300FB63C1 /* Assets.xcassets in Resources */ = {isa = PBXBuildFile; fileRef = 7AB42186281CD91300FB63C1 /* Assets.xcassets */; };
		7AB4218A281CD91300FB63C1 /* LaunchScreen.storyboard in Resources */ = {isa = PBXBuildFile; fileRef = 7AB42188281CD91300FB63C1 /* LaunchScreen.storyboard */; };
		7AB7C353281CE1D500D163B7 /* AmiiboAPI.swift in Sources */ = {isa = PBXBuildFile; fileRef = 7AB7C352281CE1D500D163B7 /* AmiiboAPI.swift */; };
		7AB7C355281CE1DF00D163B7 /* AmiiboResponse.swift in Sources */ = {isa = PBXBuildFile; fileRef = 7AB7C354281CE1DF00D163B7 /* AmiiboResponse.swift */; };
		7AC5F52529F6148E00DF3F39 /* AmiitoolError.swift in Sources */ = {isa = PBXBuildFile; fileRef = 7AC5F52429F6148E00DF3F39 /* AmiitoolError.swift */; };
		7ACBAC6728221BF500AF9E7B /* TagDumpError.swift in Sources */ = {isa = PBXBuildFile; fileRef = 7ACBAC6628221BF500AF9E7B /* TagDumpError.swift */; };
		7AD4966B28221DCE00BC1E89 /* key_retail.bin in Resources */ = {isa = PBXBuildFile; fileRef = 7AD4966A28221DCE00BC1E89 /* key_retail.bin */; };
		7AD4966D28221F5F00BC1E89 /* AmiiboTagError.swift in Sources */ = {isa = PBXBuildFile; fileRef = 7AD4966C28221F5F00BC1E89 /* AmiiboTagError.swift */; };
		7AD8FEE628373CBC005442BC /* Amiitool.swift in Sources */ = {isa = PBXBuildFile; fileRef = 7AD8FEE528373CBC005442BC /* Amiitool.swift */; };
/* End PBXBuildFile section */

/* Begin PBXFileReference section */
		7A02468E29F633D300E437FA /* TagVersionError.swift */ = {isa = PBXFileReference; lastKnownFileType = sourcecode.swift; path = TagVersionError.swift; sourceTree = "<group>"; };
		7A06E5662D6BED9300F92FCC /* en-AU */ = {isa = PBXFileReference; lastKnownFileType = text.plist.strings; name = "en-AU"; path = "en-AU.lproj/LaunchScreen.strings"; sourceTree = "<group>"; };
		7A12F654281E3FAB00C538F4 /* NFCMiFareTag+Extension.swift */ = {isa = PBXFileReference; lastKnownFileType = sourcecode.swift; path = "NFCMiFareTag+Extension.swift"; sourceTree = "<group>"; };
		7A13DFC5282115BC0004EDCD /* unfixed-info.bin */ = {isa = PBXFileReference; lastKnownFileType = archive.macbinary; path = "unfixed-info.bin"; sourceTree = "<group>"; };
		7A13DFC6282115BC0004EDCD /* locked-secret.bin */ = {isa = PBXFileReference; lastKnownFileType = archive.macbinary; path = "locked-secret.bin"; sourceTree = "<group>"; };
		7A13DFC928211DBF0004EDCD /* TagDump.swift */ = {isa = PBXFileReference; lastKnownFileType = sourcecode.swift; path = TagDump.swift; sourceTree = "<group>"; };
		7A13DFCB28211E260004EDCD /* AmiiboTag.swift */ = {isa = PBXFileReference; lastKnownFileType = sourcecode.swift; path = AmiiboTag.swift; sourceTree = "<group>"; };
		7A13DFCF2821EFF20004EDCD /* NFCMiFareTagError.swift */ = {isa = PBXFileReference; lastKnownFileType = sourcecode.swift; path = NFCMiFareTagError.swift; sourceTree = "<group>"; };
		7A13DFD32821F0340004EDCD /* TagVersion.swift */ = {isa = PBXFileReference; lastKnownFileType = sourcecode.swift; path = TagVersion.swift; sourceTree = "<group>"; };
		7A26334D2824B39F009F2F8A /* UIAlertAction+Extension.swift */ = {isa = PBXFileReference; lastKnownFileType = sourcecode.swift; path = "UIAlertAction+Extension.swift"; sourceTree = "<group>"; };
		7A361FFC281CDCC7007D8F9D /* Amiibomb.entitlements */ = {isa = PBXFileReference; lastKnownFileType = text.plist.entitlements; path = Amiibomb.entitlements; sourceTree = "<group>"; };
		7A44F93C2828C25F00434A78 /* WriteAmiiboDelegate.swift */ = {isa = PBXFileReference; lastKnownFileType = sourcecode.swift; path = WriteAmiiboDelegate.swift; sourceTree = "<group>"; };
		7A53DE992824A4B3006A4D12 /* UTType+Extension.swift */ = {isa = PBXFileReference; lastKnownFileType = sourcecode.swift; path = "UTType+Extension.swift"; sourceTree = "<group>"; };
		7AADFD0328371EBB001A8382 /* NFCByte.swift */ = {isa = PBXFileReference; lastKnownFileType = sourcecode.swift; path = NFCByte.swift; sourceTree = "<group>"; };
		7AB28F5929F538C700769D51 /* ReadAmiiboDelegate.swift */ = {isa = PBXFileReference; lastKnownFileType = sourcecode.swift; path = ReadAmiiboDelegate.swift; sourceTree = "<group>"; };
		7AB4217A281CD91100FB63C1 /* Amiibomb.app */ = {isa = PBXFileReference; explicitFileType = wrapper.application; includeInIndex = 0; path = Amiibomb.app; sourceTree = BUILT_PRODUCTS_DIR; };
		7AB4217D281CD91100FB63C1 /* AppDelegate.swift */ = {isa = PBXFileReference; lastKnownFileType = sourcecode.swift; path = AppDelegate.swift; sourceTree = "<group>"; };
		7AB4217F281CD91100FB63C1 /* SceneDelegate.swift */ = {isa = PBXFileReference; lastKnownFileType = sourcecode.swift; path = SceneDelegate.swift; sourceTree = "<group>"; };
		7AB42181281CD91100FB63C1 /* AmiibombVC.swift */ = {isa = PBXFileReference; lastKnownFileType = sourcecode.swift; path = AmiibombVC.swift; sourceTree = "<group>"; };
		7AB42186281CD91300FB63C1 /* Assets.xcassets */ = {isa = PBXFileReference; lastKnownFileType = folder.assetcatalog; path = Assets.xcassets; sourceTree = "<group>"; };
		7AB42189281CD91300FB63C1 /* Base */ = {isa = PBXFileReference; lastKnownFileType = file.storyboard; name = Base; path = Base.lproj/LaunchScreen.storyboard; sourceTree = "<group>"; };
		7AB4218B281CD91300FB63C1 /* Info.plist */ = {isa = PBXFileReference; lastKnownFileType = text.plist.xml; path = Info.plist; sourceTree = "<group>"; };
		7AB7C352281CE1D500D163B7 /* AmiiboAPI.swift */ = {isa = PBXFileReference; lastKnownFileType = sourcecode.swift; path = AmiiboAPI.swift; sourceTree = "<group>"; };
		7AB7C354281CE1DF00D163B7 /* AmiiboResponse.swift */ = {isa = PBXFileReference; lastKnownFileType = sourcecode.swift; path = AmiiboResponse.swift; sourceTree = "<group>"; };
		7AC5F52429F6148E00DF3F39 /* AmiitoolError.swift */ = {isa = PBXFileReference; lastKnownFileType = sourcecode.swift; path = AmiitoolError.swift; sourceTree = "<group>"; };
		7ACBAC6628221BF500AF9E7B /* TagDumpError.swift */ = {isa = PBXFileReference; lastKnownFileType = sourcecode.swift; path = TagDumpError.swift; sourceTree = "<group>"; };
		7AD4966A28221DCE00BC1E89 /* key_retail.bin */ = {isa = PBXFileReference; lastKnownFileType = archive.macbinary; path = key_retail.bin; sourceTree = "<group>"; };
		7AD4966C28221F5F00BC1E89 /* AmiiboTagError.swift */ = {isa = PBXFileReference; lastKnownFileType = sourcecode.swift; path = AmiiboTagError.swift; sourceTree = "<group>"; };
		7AD8FEE528373CBC005442BC /* Amiitool.swift */ = {isa = PBXFileReference; lastKnownFileType = sourcecode.swift; path = Amiitool.swift; sourceTree = "<group>"; };
/* End PBXFileReference section */

/* Begin PBXFrameworksBuildPhase section */
		7AB42177281CD91100FB63C1 /* Frameworks */ = {
			isa = PBXFrameworksBuildPhase;
			files = (
				7A324A442EDFCCFB00B66C28 /* libamiitool in Frameworks */,
				7A02461F29F6213800E437FA /* Alamofire in Frameworks */,
				7A762B002ED1749500432F6F /* AsyncAlgorithms in Frameworks */,
			);
		};
/* End PBXFrameworksBuildPhase section */

/* Begin PBXGroup section */
		7A762AFD2ED173BE00432F6F /* Error */ = {
			isa = PBXGroup;
			children = (
				7A13DFCF2821EFF20004EDCD /* NFCMiFareTagError.swift */,
				7ACBAC6628221BF500AF9E7B /* TagDumpError.swift */,
				7AD4966C28221F5F00BC1E89 /* AmiiboTagError.swift */,
				7A02468E29F633D300E437FA /* TagVersionError.swift */,
				7AC5F52429F6148E00DF3F39 /* AmiitoolError.swift */,
			);
			path = Error;
			sourceTree = "<group>";
		};
		7A91C33D28221FF2002F379B /* Keys */ = {
			isa = PBXGroup;
			children = (
				7A13DFC5282115BC0004EDCD /* unfixed-info.bin */,
				7A13DFC6282115BC0004EDCD /* locked-secret.bin */,
				7AD4966A28221DCE00BC1E89 /* key_retail.bin */,
			);
			path = Keys;
			sourceTree = "<group>";
		};
		7AB42171281CD91100FB63C1 = {
			isa = PBXGroup;
			children = (
				7AB4217C281CD91100FB63C1 /* Amiibomb */,
				7AB4217B281CD91100FB63C1 /* Products */,
				CCB9A47CDE665E71800A086D /* Frameworks */,
			);
			sourceTree = "<group>";
		};
		7AB4217B281CD91100FB63C1 /* Products */ = {
			isa = PBXGroup;
			children = (
				7AB4217A281CD91100FB63C1 /* Amiibomb.app */,
			);
			name = Products;
			sourceTree = "<group>";
		};
		7AB4217C281CD91100FB63C1 /* Amiibomb */ = {
			isa = PBXGroup;
			children = (
				7A361FFC281CDCC7007D8F9D /* Amiibomb.entitlements */,
				7A91C33D28221FF2002F379B /* Keys */,
				7AB7C356281CE29000D163B7 /* Model */,
				7AB4217D281CD91100FB63C1 /* AppDelegate.swift */,
				7AB4217F281CD91100FB63C1 /* SceneDelegate.swift */,
				7AB42181281CD91100FB63C1 /* AmiibombVC.swift */,
				7A44F93C2828C25F00434A78 /* WriteAmiiboDelegate.swift */,
				7AB28F5929F538C700769D51 /* ReadAmiiboDelegate.swift */,
				7AB42186281CD91300FB63C1 /* Assets.xcassets */,
				7AB42188281CD91300FB63C1 /* LaunchScreen.storyboard */,
				7AB4218B281CD91300FB63C1 /* Info.plist */,
			);
			path = Amiibomb;
			sourceTree = "<group>";
		};
		7AB7C356281CE29000D163B7 /* Model */ = {
			isa = PBXGroup;
			children = (
				7A762AFD2ED173BE00432F6F /* Error */,
				7AB7C352281CE1D500D163B7 /* AmiiboAPI.swift */,
				7AB7C354281CE1DF00D163B7 /* AmiiboResponse.swift */,
				7A12F654281E3FAB00C538F4 /* NFCMiFareTag+Extension.swift */,
				7A13DFC928211DBF0004EDCD /* TagDump.swift */,
				7A13DFCB28211E260004EDCD /* AmiiboTag.swift */,
				7A13DFD32821F0340004EDCD /* TagVersion.swift */,
				7A53DE992824A4B3006A4D12 /* UTType+Extension.swift */,
				7A26334D2824B39F009F2F8A /* UIAlertAction+Extension.swift */,
				7AADFD0328371EBB001A8382 /* NFCByte.swift */,
				7AD8FEE528373CBC005442BC /* Amiitool.swift */,
			);
			path = Model;
			sourceTree = "<group>";
		};
		CCB9A47CDE665E71800A086D /* Frameworks */ = {
			isa = PBXGroup;
			children = (
			);
			name = Frameworks;
			sourceTree = "<group>";
		};
/* End PBXGroup section */

/* Begin PBXNativeTarget section */
		7AB42179281CD91100FB63C1 /* Amiibomb */ = {
			isa = PBXNativeTarget;
			buildConfigurationList = 7AB4218E281CD91300FB63C1 /* Build configuration list for PBXNativeTarget "Amiibomb" */;
			buildPhases = (
				7AB42176281CD91100FB63C1 /* Sources */,
				7AB42177281CD91100FB63C1 /* Frameworks */,
				7AB42178281CD91100FB63C1 /* Resources */,
			);
			buildRules = (
			);
			name = Amiibomb;
			packageProductDependencies = (
				7A02461E29F6213800E437FA /* Alamofire */,
				7A762AFF2ED1749500432F6F /* AsyncAlgorithms */,
				7A324A432EDFCCFB00B66C28 /* libamiitool */,
			);
			productName = Amiibomb;
			productReference = 7AB4217A281CD91100FB63C1 /* Amiibomb.app */;
			productType = "com.apple.product-type.application";
		};
/* End PBXNativeTarget section */

/* Begin PBXProject section */
		7AB42172281CD91100FB63C1 /* Project object */ = {
			isa = PBXProject;
			attributes = {
				BuildIndependentTargetsInParallel = 1;
				LastSwiftUpdateCheck = 1330;
				LastUpgradeCheck = 2600;
				TargetAttributes = {
					7AB42179281CD91100FB63C1 = {
						CreatedOnToolsVersion = 13.3.1;
					};
				};
			};
			buildConfigurationList = 7AB42175281CD91100FB63C1 /* Build configuration list for PBXProject "Amiibomb" */;
			developmentRegion = "en-AU";
			hasScannedForEncodings = 0;
			knownRegions = (
				en,
				Base,
				"en-AU",
			);
			mainGroup = 7AB42171281CD91100FB63C1;
			minimizedProjectReferenceProxies = 1;
			packageReferences = (
				7A02461D29F6213800E437FA /* XCRemoteSwiftPackageReference "Alamofire" */,
				7A762AFE2ED1749500432F6F /* XCRemoteSwiftPackageReference "swift-async-algorithms" */,
				7A324A422EDFCCFB00B66C28 /* XCRemoteSwiftPackageReference "libamiitool" */,
			);
			preferredProjectObjectVersion = 90;
			productRefGroup = 7AB4217B281CD91100FB63C1 /* Products */;
			projectDirPath = "";
			projectRoot = "";
			targets = (
				7AB42179281CD91100FB63C1 /* Amiibomb */,
			);
		};
/* End PBXProject section */

/* Begin PBXResourcesBuildPhase section */
		7AB42178281CD91100FB63C1 /* Resources */ = {
			isa = PBXResourcesBuildPhase;
			files = (
				7A13DFC7282115BC0004EDCD /* unfixed-info.bin in Resources */,
				7A13DFC8282115BC0004EDCD /* locked-secret.bin in Resources */,
				7AD4966B28221DCE00BC1E89 /* key_retail.bin in Resources */,
				7AB4218A281CD91300FB63C1 /* LaunchScreen.storyboard in Resources */,
				7AB42187281CD91300FB63C1 /* Assets.xcassets in Resources */,
			);
		};
/* End PBXResourcesBuildPhase section */

/* Begin PBXSourcesBuildPhase section */
		7AB42176281CD91100FB63C1 /* Sources */ = {
			isa = PBXSourcesBuildPhase;
			files = (
				7A44F93D2828C25F00434A78 /* WriteAmiiboDelegate.swift in Sources */,
				7A53DE9A2824A4B3006A4D12 /* UTType+Extension.swift in Sources */,
				7AC5F52529F6148E00DF3F39 /* AmiitoolError.swift in Sources */,
				7A13DFD02821EFF20004EDCD /* NFCMiFareTagError.swift in Sources */,
				7AD8FEE628373CBC005442BC /* Amiitool.swift in Sources */,
				7A02468F29F633D400E437FA /* TagVersionError.swift in Sources */,
				7AB42182281CD91100FB63C1 /* AmiibombVC.swift in Sources */,
				7A12F655281E3FAB00C538F4 /* NFCMiFareTag+Extension.swift in Sources */,
				7A13DFCA28211DBF0004EDCD /* TagDump.swift in Sources */,
				7ACBAC6728221BF500AF9E7B /* TagDumpError.swift in Sources */,
				7AADFD0428371EBB001A8382 /* NFCByte.swift in Sources */,
				7AB4217E281CD91100FB63C1 /* AppDelegate.swift in Sources */,
				7AB42180281CD91100FB63C1 /* SceneDelegate.swift in Sources */,
				7AB7C353281CE1D500D163B7 /* AmiiboAPI.swift in Sources */,
				7A13DFCC28211E260004EDCD /* AmiiboTag.swift in Sources */,
				7AB28F5A29F538C700769D51 /* ReadAmiiboDelegate.swift in Sources */,
				7A26334E2824B39F009F2F8A /* UIAlertAction+Extension.swift in Sources */,
				7A13DFD42821F0340004EDCD /* TagVersion.swift in Sources */,
				7AB7C355281CE1DF00D163B7 /* AmiiboResponse.swift in Sources */,
				7AD4966D28221F5F00BC1E89 /* AmiiboTagError.swift in Sources */,
			);
		};
/* End PBXSourcesBuildPhase section */

/* Begin PBXVariantGroup section */
		7AB42188281CD91300FB63C1 /* LaunchScreen.storyboard */ = {
			isa = PBXVariantGroup;
			children = (
				7AB42189281CD91300FB63C1 /* Base */,
				7A06E5662D6BED9300F92FCC /* en-AU */,
			);
			name = LaunchScreen.storyboard;
			sourceTree = "<group>";
		};
/* End PBXVariantGroup section */

/* Begin XCBuildConfiguration section */
		7AB4218C281CD91300FB63C1 /* Debug configuration for PBXProject "Amiibomb" */ = {
			isa = XCBuildConfiguration;
			buildSettings = {
				ALWAYS_SEARCH_USER_PATHS = NO;
				ASSETCATALOG_COMPILER_GENERATE_SWIFT_ASSET_SYMBOL_EXTENSIONS = YES;
				CLANG_ANALYZER_LOCALIZABILITY_NONLOCALIZED = YES;
				CLANG_ANALYZER_NONNULL = YES;
				CLANG_ANALYZER_NUMBER_OBJECT_CONVERSION = YES_AGGRESSIVE;
				CLANG_CXX_LANGUAGE_STANDARD = "gnu++17";
				CLANG_ENABLE_MODULES = YES;
				CLANG_ENABLE_OBJC_ARC = YES;
				CLANG_ENABLE_OBJC_WEAK = YES;
				CLANG_WARN_BLOCK_CAPTURE_AUTORELEASING = YES;
				CLANG_WARN_BOOL_CONVERSION = YES;
				CLANG_WARN_COMMA = YES;
				CLANG_WARN_CONSTANT_CONVERSION = YES;
				CLANG_WARN_DEPRECATED_OBJC_IMPLEMENTATIONS = YES;
				CLANG_WARN_DIRECT_OBJC_ISA_USAGE = YES_ERROR;
				CLANG_WARN_DOCUMENTATION_COMMENTS = YES;
				CLANG_WARN_EMPTY_BODY = YES;
				CLANG_WARN_ENUM_CONVERSION = YES;
				CLANG_WARN_INFINITE_RECURSION = YES;
				CLANG_WARN_INT_CONVERSION = YES;
				CLANG_WARN_NON_LITERAL_NULL_CONVERSION = YES;
				CLANG_WARN_OBJC_IMPLICIT_RETAIN_SELF = YES;
				CLANG_WARN_OBJC_LITERAL_CONVERSION = YES;
				CLANG_WARN_OBJC_ROOT_CLASS = YES_ERROR;
				CLANG_WARN_QUOTED_INCLUDE_IN_FRAMEWORK_HEADER = YES;
				CLANG_WARN_RANGE_LOOP_ANALYSIS = YES;
				CLANG_WARN_STRICT_PROTOTYPES = YES;
				CLANG_WARN_SUSPICIOUS_MOVE = YES;
				CLANG_WARN_UNGUARDED_AVAILABILITY = YES_AGGRESSIVE;
				CLANG_WARN_UNREACHABLE_CODE = YES;
				CLANG_WARN__DUPLICATE_METHOD_MATCH = YES;
				COPY_PHASE_STRIP = NO;
				DEBUG_INFORMATION_FORMAT = dwarf;
				DEVELOPMENT_TEAM = JDL5FY6SCC;
				ENABLE_STRICT_OBJC_MSGSEND = YES;
				ENABLE_TESTABILITY = YES;
				ENABLE_USER_SCRIPT_SANDBOXING = YES;
				GCC_C_LANGUAGE_STANDARD = gnu11;
				GCC_DYNAMIC_NO_PIC = NO;
				GCC_NO_COMMON_BLOCKS = YES;
				GCC_OPTIMIZATION_LEVEL = 0;
				GCC_PREPROCESSOR_DEFINITIONS = (
					"DEBUG=1",
					"$(inherited)",
				);
				GCC_WARN_64_TO_32_BIT_CONVERSION = YES;
				GCC_WARN_ABOUT_RETURN_TYPE = YES_ERROR;
				GCC_WARN_UNDECLARED_SELECTOR = YES;
				GCC_WARN_UNINITIALIZED_AUTOS = YES_AGGRESSIVE;
				GCC_WARN_UNUSED_FUNCTION = YES;
				GCC_WARN_UNUSED_VARIABLE = YES;
				IPHONEOS_DEPLOYMENT_TARGET = 15.0;
				MTL_ENABLE_DEBUG_INFO = INCLUDE_SOURCE;
				MTL_FAST_MATH = YES;
				ONLY_ACTIVE_ARCH = YES;
				SDKROOT = iphoneos;
				STRING_CATALOG_GENERATE_SYMBOLS = YES;
				SWIFT_ACTIVE_COMPILATION_CONDITIONS = DEBUG;
				SWIFT_OPTIMIZATION_LEVEL = "-Onone";
			};
			name = Debug;
		};
		7AB4218D281CD91300FB63C1 /* Release configuration for PBXProject "Amiibomb" */ = {
			isa = XCBuildConfiguration;
			buildSettings = {
				ALWAYS_SEARCH_USER_PATHS = NO;
				ASSETCATALOG_COMPILER_GENERATE_SWIFT_ASSET_SYMBOL_EXTENSIONS = YES;
				CLANG_ANALYZER_LOCALIZABILITY_NONLOCALIZED = YES;
				CLANG_ANALYZER_NONNULL = YES;
				CLANG_ANALYZER_NUMBER_OBJECT_CONVERSION = YES_AGGRESSIVE;
				CLANG_CXX_LANGUAGE_STANDARD = "gnu++17";
				CLANG_ENABLE_MODULES = YES;
				CLANG_ENABLE_OBJC_ARC = YES;
				CLANG_ENABLE_OBJC_WEAK = YES;
				CLANG_WARN_BLOCK_CAPTURE_AUTORELEASING = YES;
				CLANG_WARN_BOOL_CONVERSION = YES;
				CLANG_WARN_COMMA = YES;
				CLANG_WARN_CONSTANT_CONVERSION = YES;
				CLANG_WARN_DEPRECATED_OBJC_IMPLEMENTATIONS = YES;
				CLANG_WARN_DIRECT_OBJC_ISA_USAGE = YES_ERROR;
				CLANG_WARN_DOCUMENTATION_COMMENTS = YES;
				CLANG_WARN_EMPTY_BODY = YES;
				CLANG_WARN_ENUM_CONVERSION = YES;
				CLANG_WARN_INFINITE_RECURSION = YES;
				CLANG_WARN_INT_CONVERSION = YES;
				CLANG_WARN_NON_LITERAL_NULL_CONVERSION = YES;
				CLANG_WARN_OBJC_IMPLICIT_RETAIN_SELF = YES;
				CLANG_WARN_OBJC_LITERAL_CONVERSION = YES;
				CLANG_WARN_OBJC_ROOT_CLASS = YES_ERROR;
				CLANG_WARN_QUOTED_INCLUDE_IN_FRAMEWORK_HEADER = YES;
				CLANG_WARN_RANGE_LOOP_ANALYSIS = YES;
				CLANG_WARN_STRICT_PROTOTYPES = YES;
				CLANG_WARN_SUSPICIOUS_MOVE = YES;
				CLANG_WARN_UNGUARDED_AVAILABILITY = YES_AGGRESSIVE;
				CLANG_WARN_UNREACHABLE_CODE = YES;
				CLANG_WARN__DUPLICATE_METHOD_MATCH = YES;
				COPY_PHASE_STRIP = NO;
				DEBUG_INFORMATION_FORMAT = "dwarf-with-dsym";
				DEVELOPMENT_TEAM = JDL5FY6SCC;
				ENABLE_NS_ASSERTIONS = NO;
				ENABLE_STRICT_OBJC_MSGSEND = YES;
				ENABLE_USER_SCRIPT_SANDBOXING = YES;
				GCC_C_LANGUAGE_STANDARD = gnu11;
				GCC_NO_COMMON_BLOCKS = YES;
				GCC_WARN_64_TO_32_BIT_CONVERSION = YES;
				GCC_WARN_ABOUT_RETURN_TYPE = YES_ERROR;
				GCC_WARN_UNDECLARED_SELECTOR = YES;
				GCC_WARN_UNINITIALIZED_AUTOS = YES_AGGRESSIVE;
				GCC_WARN_UNUSED_FUNCTION = YES;
				GCC_WARN_UNUSED_VARIABLE = YES;
				IPHONEOS_DEPLOYMENT_TARGET = 15.0;
				MTL_ENABLE_DEBUG_INFO = NO;
				MTL_FAST_MATH = YES;
				SDKROOT = iphoneos;
				STRING_CATALOG_GENERATE_SYMBOLS = YES;
				SWIFT_COMPILATION_MODE = wholemodule;
				SWIFT_OPTIMIZATION_LEVEL = "-O";
				VALIDATE_PRODUCT = YES;
			};
			name = Release;
		};
		7AB4218F281CD91300FB63C1 /* Debug configuration for PBXNativeTarget "Amiibomb" */ = {
			isa = XCBuildConfiguration;
			buildSettings = {
				ASSETCATALOG_COMPILER_APPICON_NAME = AppIcon;
				ASSETCATALOG_COMPILER_GLOBAL_ACCENT_COLOR_NAME = AccentColor;
				CODE_SIGN_ENTITLEMENTS = Amiibomb/Amiibomb.entitlements;
				CODE_SIGN_IDENTITY = "Apple Development";
				CODE_SIGN_STYLE = Automatic;
				CURRENT_PROJECT_VERSION = 1;
				GENERATE_INFOPLIST_FILE = YES;
				INFOPLIST_FILE = Amiibomb/Info.plist;
				INFOPLIST_KEY_CFBundleDisplayName = Amiibomb;
				INFOPLIST_KEY_LSApplicationCategoryType = "public.app-category.developer-tools";
				INFOPLIST_KEY_LSSupportsOpeningDocumentsInPlace = YES;
				INFOPLIST_KEY_NFCReaderUsageDescription = "Reading amiibo/tag information.";
				INFOPLIST_KEY_UIApplicationSupportsIndirectInputEvents = YES;
				INFOPLIST_KEY_UILaunchStoryboardName = LaunchScreen;
				INFOPLIST_KEY_UISupportedInterfaceOrientations = UIInterfaceOrientationPortrait;
				INFOPLIST_KEY_UISupportedInterfaceOrientations_iPad = "UIInterfaceOrientationPortrait UIInterfaceOrientationPortraitUpsideDown UIInterfaceOrientationLandscapeLeft UIInterfaceOrientationLandscapeRight";
				INFOPLIST_KEY_UISupportedInterfaceOrientations_iPhone = "UIInterfaceOrientationPortrait UIInterfaceOrientationLandscapeLeft UIInterfaceOrientationLandscapeRight";
				IPHONEOS_DEPLOYMENT_TARGET = 15.0;
				LD_RUNPATH_SEARCH_PATHS = (
					"$(inherited)",
					"@executable_path/Frameworks",
				);
				MARKETING_VERSION = 11.0;
				PRODUCT_BUNDLE_IDENTIFIER = cloud.tavitian.amiibomb;
				PRODUCT_NAME = "$(TARGET_NAME)";
				PROVISIONING_PROFILE_SPECIFIER = "";
				SUPPORTED_PLATFORMS = "iphoneos iphonesimulator";
				SUPPORTS_MACCATALYST = NO;
				SUPPORTS_XR_DESIGNED_FOR_IPHONE_IPAD = NO;
				SWIFT_EMIT_LOC_STRINGS = YES;
				SWIFT_VERSION = 5.0;
				TARGETED_DEVICE_FAMILY = 1;
			};
			name = Debug;
		};
		7AB42190281CD91300FB63C1 /* Release configuration for PBXNativeTarget "Amiibomb" */ = {
			isa = XCBuildConfiguration;
			buildSettings = {
				ASSETCATALOG_COMPILER_APPICON_NAME = AppIcon;
				ASSETCATALOG_COMPILER_GLOBAL_ACCENT_COLOR_NAME = AccentColor;
				CODE_SIGN_ENTITLEMENTS = Amiibomb/Amiibomb.entitlements;
				CODE_SIGN_IDENTITY = "Apple Development";
				CODE_SIGN_STYLE = Automatic;
				CURRENT_PROJECT_VERSION = 1;
				GENERATE_INFOPLIST_FILE = YES;
				INFOPLIST_FILE = Amiibomb/Info.plist;
				INFOPLIST_KEY_CFBundleDisplayName = Amiibomb;
				INFOPLIST_KEY_LSApplicationCategoryType = "public.app-category.developer-tools";
				INFOPLIST_KEY_LSSupportsOpeningDocumentsInPlace = YES;
				INFOPLIST_KEY_NFCReaderUsageDescription = "Reading amiibo/tag information.";
				INFOPLIST_KEY_UIApplicationSupportsIndirectInputEvents = YES;
				INFOPLIST_KEY_UILaunchStoryboardName = LaunchScreen;
				INFOPLIST_KEY_UISupportedInterfaceOrientations = UIInterfaceOrientationPortrait;
				INFOPLIST_KEY_UISupportedInterfaceOrientations_iPad = "UIInterfaceOrientationPortrait UIInterfaceOrientationPortraitUpsideDown UIInterfaceOrientationLandscapeLeft UIInterfaceOrientationLandscapeRight";
				INFOPLIST_KEY_UISupportedInterfaceOrientations_iPhone = "UIInterfaceOrientationPortrait UIInterfaceOrientationLandscapeLeft UIInterfaceOrientationLandscapeRight";
				IPHONEOS_DEPLOYMENT_TARGET = 15.0;
				LD_RUNPATH_SEARCH_PATHS = (
					"$(inherited)",
					"@executable_path/Frameworks",
				);
				MARKETING_VERSION = 11.0;
				PRODUCT_BUNDLE_IDENTIFIER = cloud.tavitian.amiibomb;
				PRODUCT_NAME = "$(TARGET_NAME)";
				PROVISIONING_PROFILE_SPECIFIER = "";
				SUPPORTED_PLATFORMS = "iphoneos iphonesimulator";
				SUPPORTS_MACCATALYST = NO;
				SUPPORTS_XR_DESIGNED_FOR_IPHONE_IPAD = NO;
				SWIFT_EMIT_LOC_STRINGS = YES;
				SWIFT_VERSION = 5.0;
				TARGETED_DEVICE_FAMILY = 1;
			};
			name = Release;
		};
/* End XCBuildConfiguration section */

/* Begin XCConfigurationList section */
		7AB42175281CD91100FB63C1 /* Build configuration list for PBXProject "Amiibomb" */ = {
			isa = XCConfigurationList;
			buildConfigurations = (
				7AB4218C281CD91300FB63C1 /* Debug configuration for PBXProject "Amiibomb" */,
				7AB4218D281CD91300FB63C1 /* Release configuration for PBXProject "Amiibomb" */,
			);
			defaultConfigurationName = Release;
		};
		7AB4218E281CD91300FB63C1 /* Build configuration list for PBXNativeTarget "Amiibomb" */ = {
			isa = XCConfigurationList;
			buildConfigurations = (
				7AB4218F281CD91300FB63C1 /* Debug configuration for PBXNativeTarget "Amiibomb" */,
				7AB42190281CD91300FB63C1 /* Release configuration for PBXNativeTarget "Amiibomb" */,
			);
			defaultConfigurationName = Release;
		};
/* End XCConfigurationList section */

/* Begin XCRemoteSwiftPackageReference section */
		7A02461D29F6213800E437FA /* XCRemoteSwiftPackageReference "Alamofire" */ = {
			isa = XCRemoteSwiftPackageReference;
			repositoryURL = "https://github.com/Alamofire/Alamofire.git";
			requirement = {
				kind = upToNextMajorVersion;
				minimumVersion = 5.10.2;
			};
		};
		7A324A422EDFCCFB00B66C28 /* XCRemoteSwiftPackageReference "libamiitool" */ = {
			isa = XCRemoteSwiftPackageReference;
			repositoryURL = "https://github.com/themuzzleflare/libamiitool";
			requirement = {
				branch = main;
				kind = branch;
			};
		};
		7A762AFE2ED1749500432F6F /* XCRemoteSwiftPackageReference "swift-async-algorithms" */ = {
			isa = XCRemoteSwiftPackageReference;
			repositoryURL = "https://github.com/apple/swift-async-algorithms.git";
			requirement = {
				kind = upToNextMajorVersion;
				minimumVersion = 1.1.1;
			};
		};
/* End XCRemoteSwiftPackageReference section */

/* Begin XCSwiftPackageProductDependency section */
		7A02461E29F6213800E437FA /* Alamofire */ = {
			isa = XCSwiftPackageProductDependency;
			package = 7A02461D29F6213800E437FA /* XCRemoteSwiftPackageReference "Alamofire" */;
			productName = Alamofire;
		};
		7A324A432EDFCCFB00B66C28 /* libamiitool */ = {
			isa = XCSwiftPackageProductDependency;
			package = 7A324A422EDFCCFB00B66C28 /* XCRemoteSwiftPackageReference "libamiitool" */;
			productName = libamiitool;
		};
		7A762AFF2ED1749500432F6F /* AsyncAlgorithms */ = {
			isa = XCSwiftPackageProductDependency;
			package = 7A762AFE2ED1749500432F6F /* XCRemoteSwiftPackageReference "swift-async-algorithms" */;
			productName = AsyncAlgorithms;
		};
/* End XCSwiftPackageProductDependency section */
	};
	rootObject = 7AB42172281CD91100FB63C1 /* Project object */;
}
