{
  "originHash" : "cc406c1cf98b986cf737068e1ae336ba8792ddb722ef090df58b35b6bc54ce01",
  "pins" : [
    {
      "identity" : "alamofire",
      "kind" : "remoteSourceControl",
      "location" : "https://github.com/Alamofire/Alamofire.git",
      "state" : {
        "revision" : "513364f870f6bfc468f9d2ff0a95caccc10044c5",
        "version" : "5.10.2"
      }
    },
    {
      "identity" : "amiitool",
      "kind" : "remoteSourceControl",
      "location" : "https://github.com/themuzzleflare/amiitool",
      "state" : {
        "branch" : "main",
        "revision" : "475ce346d5497047327b0c866c085456cf1d4748"
      }
    },
    {
      "identity" : "collectionconcurrencykit",
      "kind" : "remoteSourceControl",
      "location" : "https://github.com/JohnSundell/CollectionConcurrencyKit.git",
      "state" : {
        "revision" : "b4f23e24b5a1bff301efc5e70871083ca029ff95",
        "version" : "0.2.0"
      }
    }
  ],
  "version" : 3
}
